{
  "name": "dictionary",
  "version": "1.0.0",
  "lockfileVersion": 3,
  "requires": true,
  "packages": {
    "": {
      "name": "dictionary",
      "version": "1.0.0",
      "workspaces": [
        "packages/*"
      ],
      "dependencies": {
        "pluralize": "^8.0.0",
        "typescript": "^6.0.3"
      },
      "devDependencies": {
        "@types/pluralize": "^0.0.33"
      }
    },
    "node_modules/@dictionary/conjugator": {
      "resolved": "packages/conjugator",
      "link": true
    },
    "node_modules/@dictionary/definition": {
      "resolved": "packages/definition",
      "link": true
    },
    "node_modules/@dictionary/gerund": {
      "resolved": "packages/gerund",
      "link": true
    },
    "node_modules/@dictionary/grapheme": {
      "resolved": "packages/grapheme",
      "link": true
    },
    "node_modules/@dictionary/i18n": {
      "resolved": "packages/i18n",
      "link": true
    },
    "node_modules/@dictionary/language": {
      "resolved": "packages/language",
      "link": true
    },
    "node_modules/@dictionary/misc": {
      "resolved": "packages/misc",
      "link": true
    },
    "node_modules/@dictionary/morpheme": {
      "resolved": "packages/morpheme",
      "link": true
    },
    "node_modules/@dictionary/thesaurus": {
      "resolved": "packages/thesaurus",
      "link": true
    },
    "node_modules/@dictionary/word": {
      "resolved": "packages/word",
      "link": true
    },
    "node_modules/@types/pluralize": {
      "version": "0.0.33",
      "resolved": "https://registry.npmjs.org/@types/pluralize/-/pluralize-0.0.33.tgz",
      "integrity": "sha512-JOqsl+ZoCpP4e8TDke9W79FDcSgPAR0l6pixx2JHkhnRjvShyYiAYw2LVsnA7K08Y6DeOnaU6ujmENO4os/cYg==",
      "dev": true,
      "license": "MIT"
    },
    "node_modules/pluralize": {
      "version": "8.0.0",
      "resolved": "https://registry.npmjs.org/pluralize/-/pluralize-8.0.0.tgz",
      "integrity": "sha512-Nc3IT5yHzflTfbjgqWcCPpo7DaKy4FnpB0l/zCAW0Tc7jxAiuqSxHasntB3D7887LSrA93kDJ9IXovxJYxyLCA==",
      "license": "MIT",
      "engines": {
        "node": ">=4"
      }
    },
    "node_modules/typescript": {
      "version": "6.0.3",
      "resolved": "https://registry.npmjs.org/typescript/-/typescript-6.0.3.tgz",
      "integrity": "sha512-y2TvuxSZPDyQakkFRPZHKFm+KKVqIisdg9/CZwm9ftvKXLP8NRWj38/ODjNbr43SsoXqNuAisEf1GdCxqWcdBw==",
      "license": "Apache-2.0",
      "bin": {
        "tsc": "bin/tsc",
        "tsserver": "bin/tsserver"
      },
      "engines": {
        "node": ">=14.17"
      }
    },
    "packages/conjugator": {
      "name": "@dictionary/conjugator",
      "version": "1.0.0",
      "dependencies": {
        "@dictionary/gerund": "1.0.0",
        "@dictionary/misc": "1.0.0",
        "pluralize": "^8.0.0"
      }
    },
    "packages/definition": {
      "name": "@dictionary/definition",
      "version": "1.0.0",
      "dependencies": {
        "@dictionary/i18n": "^1.0.0"
      }
    },
    "packages/gerund": {
      "name": "@dictionary/gerund",
      "version": "1.0.0",
      "dependencies": {
        "@dictionary/morpheme": "1.0.0"
      }
    },
    "packages/grapheme": {
      "name": "@dictionary/grapheme",
      "version": "1.0.0",
      "dependencies": {
        "@dictionary/i18n": "1.0.0",
        "@dictionary/language": "1.0.0",
        "@dictionary/morpheme": "1.0.0"
      }
    },
    "packages/i18n": {
      "name": "@dictionary/i18n",
      "version": "1.0.0"
    },
    "packages/language": {
      "name": "@dictionary/language",
      "version": "1.0.0",
      "dependencies": {
        "@dictionary/i18n": "^1.0.0"
      }
    },
    "packages/misc": {
      "name": "@dictionary/misc",
      "version": "1.0.0",
      "dependencies": {
        "@dictionary/i18n": "^1.0.0"
      }
    },
    "packages/morpheme": {
      "name": "@dictionary/morpheme",
      "version": "1.0.0",
      "dependencies": {
        "@dictionary/i18n": "^1.0.0",
        "@dictionary/language": "^1.0.0"
      }
    },
    "packages/thesaurus": {
      "name": "@dictionary/thesaurus",
      "version": "1.0.0"
    },
    "packages/word": {
      "name": "@dictionary/word",
      "version": "1.0.0",
      "dependencies": {
        "@dictionary/conjugator": "1.0.0",
        "@dictionary/definition": "1.0.0",
        "@dictionary/grapheme": "1.0.0",
        "@dictionary/i18n": "^1.0.0",
        "@dictionary/misc": "1.0.0",
        "@dictionary/thesaurus": "1.0.0"
      }
    }
  }
}
